
Microsoft Visual Studio Solution File, Format Version 12.00
# Visual Studio Version 18
VisualStudioVersion = 18.9.12120.119
MinimumVisualStudioVersion = 10.0.40219.1
Project("{FAE04EC0-301F-11D3-BF4B-00C04F79EFBC}") = "Rv3dViewer.Core", "src\Rv3dViewer.Core\Rv3dViewer.Core.csproj", "{A7E7BA4D-6763-4BD4-A03E-7944F6A55B4E}"
EndProject
Project("{FAE04EC0-301F-11D3-BF4B-00C04F79EFBC}") = "Rv3dViewer.App", "src\Rv3dViewer.App\Rv3dViewer.App.csproj", "{5BD2D24D-2D40-4378-893E-19279B234903}"
EndProject
Project("{FAE04EC0-301F-11D3-BF4B-00C04F79EFBC}") = "Rv3dViewer.Tests", "tests\Rv3dViewer.Tests\Rv3dViewer.Tests.csproj", "{084F1105-A547-49C0-83AF-6C9DA9E3A867}"
EndProject
Project("{FAE04EC0-301F-11D3-BF4B-00C04F79EFBC}") = "Rv3dViewer.Plugin.Abstractions", "src\Rv3dViewer.Plugin.Abstractions\Rv3dViewer.Plugin.Abstractions.csproj", "{DE842FB0-D858-4305-96A1-6CDF4C2A808A}"
EndProject
Project("{FAE04EC0-301F-11D3-BF4B-00C04F79EFBC}") = "Rv3dViewer.PlugIn_Sample", "samples\Rv3dViewer.PlugIn_Sample\Rv3dViewer.PlugIn_Sample.csproj", "{A09CC96F-0755-4F4F-BDD1-C1B79C84B2EE}"
EndProject
Project("{FAE04EC0-301F-11D3-BF4B-00C04F79EFBC}") = "Rv3dViewer.PlugIn_ColdPlate", "plugins\Rv3dViewer.PlugIn_ColdPlate\Rv3dViewer.PlugIn_ColdPlate.csproj", "{C0A7D28E-8D4B-4C0E-9A8D-62FA7B8C13D1}"
EndProject
Project("{FAE04EC0-301F-11D3-BF4B-00C04F79EFBC}") = "Rv3dViewer.PlugIn_HighQualityRender", "plugins\Rv3dViewer.PlugIn_HighQualityRender\Rv3dViewer.PlugIn_HighQualityRender.csproj", "{71326574-550A-4EA6-A6EE-F314D630BE77}"
EndProject
Project("{FAE04EC0-301F-11D3-BF4B-00C04F79EFBC}") = "Rv3dViewer.Rendering.OpenGL", "src\Rv3dViewer.Rendering.OpenGL\Rv3dViewer.Rendering.OpenGL.csproj", "{E6430A71-EE38-47D2-8BBC-E3433140E369}"
EndProject
Project("{FAE04EC0-301F-11D3-BF4B-00C04F79EFBC}") = "Rv3dViewer.PlugIn_CameraAnimation", "plugins\Rv3dViewer.PlugIn_CameraAnimation\Rv3dViewer.PlugIn_CameraAnimation.csproj", "{B37A1CF5-4DBD-4936-919F-5E86DBE8A181}"
EndProject
Project("{FAE04EC0-301F-11D3-BF4B-00C04F79EFBC}") = "Rv3dViewer.PlugIn_Relief", "plugins\Rv3dViewer.PlugIn_Relief\Rv3dViewer.PlugIn_Relief.csproj", "{D2B2C736-4AC8-4C79-A390-1C28A9B14514}"
EndProject
Project("{2150E333-8FDC-42A3-9474-1A3956D46DE8}") = "plugins", "plugins", "{07D57EEB-2F50-60C4-C011-FE4FA775C9A8}"
EndProject
Project("{FAE04EC0-301F-11D3-BF4B-00C04F79EFBC}") = "Rv3dViewer.PlugIn_Map", "plugins\Rv3dViewer.PlugIn_Map\Rv3dViewer.PlugIn_Map.csproj", "{8AFAB78E-4D46-488A-943C-122D52B04878}"
EndProject
Project("{2150E333-8FDC-42A3-9474-1A3956D46DE8}") = "src", "src", "{827E0CD3-B72D-47B6-A68D-7590B98EB39B}"
EndProject
Project("{FAE04EC0-301F-11D3-BF4B-00C04F79EFBC}") = "Rv3dViewer.Plugin.WinForms", "src\Rv3dViewer.Plugin.WinForms\Rv3dViewer.Plugin.WinForms.csproj", "{42EFAE7E-23FD-4358-8E5F-F282BEAE98EC}"
EndProject
Project("{FAE04EC0-301F-11D3-BF4B-00C04F79EFBC}") = "Rv3dViewer.PlugIn_RVInteriorDesign", "plugins\Rv3dViewer.PlugIn_RVInteriorDesign\Rv3dViewer.PlugIn_RVInteriorDesign.csproj", "{745E77FB-5F45-425A-AB53-13FBC1E8A082}"
EndProject
Global
	GlobalSection(SolutionConfigurationPlatforms) = preSolution
		Debug|Any CPU = Debug|Any CPU
		Debug|x64 = Debug|x64
		Debug|x86 = Debug|x86
		Release|Any CPU = Release|Any CPU
		Release|x64 = Release|x64
		Release|x86 = Release|x86
	EndGlobalSection
	GlobalSection(ProjectConfigurationPlatforms) = postSolution
		{A7E7BA4D-6763-4BD4-A03E-7944F6A55B4E}.Debug|Any CPU.ActiveCfg = Debug|Any CPU
		{A7E7BA4D-6763-4BD4-A03E-7944F6A55B4E}.Debug|Any CPU.Build.0 = Debug|Any CPU
		{A7E7BA4D-6763-4BD4-A03E-7944F6A55B4E}.Debug|x64.ActiveCfg = Debug|Any CPU
		{A7E7BA4D-6763-4BD4-A03E-7944F6A55B4E}.Debug|x64.Build.0 = Debug|Any CPU
		{A7E7BA4D-6763-4BD4-A03E-7944F6A55B4E}.Debug|x86.ActiveCfg = Debug|Any CPU
		{A7E7BA4D-6763-4BD4-A03E-7944F6A55B4E}.Debug|x86.Build.0 = Debug|Any CPU
		{A7E7BA4D-6763-4BD4-A03E-7944F6A55B4E}.Release|Any CPU.ActiveCfg = Release|Any CPU
		{A7E7BA4D-6763-4BD4-A03E-7944F6A55B4E}.Release|Any CPU.Build.0 = Release|Any CPU
		{A7E7BA4D-6763-4BD4-A03E-7944F6A55B4E}.Release|x64.ActiveCfg = Release|Any CPU
		{A7E7BA4D-6763-4BD4-A03E-7944F6A55B4E}.Release|x64.Build.0 = Release|Any CPU
		{A7E7BA4D-6763-4BD4-A03E-7944F6A55B4E}.Release|x86.ActiveCfg = Release|Any CPU
		{A7E7BA4D-6763-4BD4-A03E-7944F6A55B4E}.Release|x86.Build.0 = Release|Any CPU
		{5BD2D24D-2D40-4378-893E-19279B234903}.Debug|Any CPU.ActiveCfg = Debug|Any CPU
		{5BD2D24D-2D40-4378-893E-19279B234903}.Debug|Any CPU.Build.0 = Debug|Any CPU
		{5BD2D24D-2D40-4378-893E-19279B234903}.Debug|x64.ActiveCfg = Debug|x64
		{5BD2D24D-2D40-4378-893E-19279B234903}.Debug|x64.Build.0 = Debug|x64
		{5BD2D24D-2D40-4378-893E-19279B234903}.Debug|x86.ActiveCfg = Debug|Any CPU
		{5BD2D24D-2D40-4378-893E-19279B234903}.Debug|x86.Build.0 = Debug|Any CPU
		{5BD2D24D-2D40-4378-893E-19279B234903}.Release|Any CPU.ActiveCfg = Release|Any CPU
		{5BD2D24D-2D40-4378-893E-19279B234903}.Release|Any CPU.Build.0 = Release|Any CPU
		{5BD2D24D-2D40-4378-893E-19279B234903}.Release|x64.ActiveCfg = Release|x64
		{5BD2D24D-2D40-4378-893E-19279B234903}.Release|x64.Build.0 = Release|x64
		{5BD2D24D-2D40-4378-893E-19279B234903}.Release|x86.ActiveCfg = Release|Any CPU
		{5BD2D24D-2D40-4378-893E-19279B234903}.Release|x86.Build.0 = Release|Any CPU
		{084F1105-A547-49C0-83AF-6C9DA9E3A867}.Debug|Any CPU.ActiveCfg = Debug|Any CPU
		{084F1105-A547-49C0-83AF-6C9DA9E3A867}.Debug|Any CPU.Build.0 = Debug|Any CPU
		{084F1105-A547-49C0-83AF-6C9DA9E3A867}.Debug|x64.ActiveCfg = Debug|x64
		{084F1105-A547-49C0-83AF-6C9DA9E3A867}.Debug|x64.Build.0 = Debug|x64
		{084F1105-A547-49C0-83AF-6C9DA9E3A867}.Debug|x86.ActiveCfg = Debug|Any CPU
		{084F1105-A547-49C0-83AF-6C9DA9E3A867}.Debug|x86.Build.0 = Debug|Any CPU
		{084F1105-A547-49C0-83AF-6C9DA9E3A867}.Release|Any CPU.ActiveCfg = Release|Any CPU
		{084F1105-A547-49C0-83AF-6C9DA9E3A867}.Release|Any CPU.Build.0 = Release|Any CPU
		{084F1105-A547-49C0-83AF-6C9DA9E3A867}.Release|x64.ActiveCfg = Release|x64
		{084F1105-A547-49C0-83AF-6C9DA9E3A867}.Release|x64.Build.0 = Release|x64
		{084F1105-A547-49C0-83AF-6C9DA9E3A867}.Release|x86.ActiveCfg = Release|Any CPU
		{084F1105-A547-49C0-83AF-6C9DA9E3A867}.Release|x86.Build.0 = Release|Any CPU
		{DE842FB0-D858-4305-96A1-6CDF4C2A808A}.Debug|Any CPU.ActiveCfg = Debug|Any CPU
		{DE842FB0-D858-4305-96A1-6CDF4C2A808A}.Debug|Any CPU.Build.0 = Debug|Any CPU
		{DE842FB0-D858-4305-96A1-6CDF4C2A808A}.Debug|x64.ActiveCfg = Debug|Any CPU
		{DE842FB0-D858-4305-96A1-6CDF4C2A808A}.Debug|x64.Build.0 = Debug|Any CPU
		{DE842FB0-D858-4305-96A1-6CDF4C2A808A}.Debug|x86.ActiveCfg = Debug|Any CPU
		{DE842FB0-D858-4305-96A1-6CDF4C2A808A}.Debug|x86.Build.0 = Debug|Any CPU
		{DE842FB0-D858-4305-96A1-6CDF4C2A808A}.Release|Any CPU.ActiveCfg = Release|Any CPU
		{DE842FB0-D858-4305-96A1-6CDF4C2A808A}.Release|Any CPU.Build.0 = Release|Any CPU
		{DE842FB0-D858-4305-96A1-6CDF4C2A808A}.Release|x64.ActiveCfg = Release|Any CPU
		{DE842FB0-D858-4305-96A1-6CDF4C2A808A}.Release|x64.Build.0 = Release|Any CPU
		{DE842FB0-D858-4305-96A1-6CDF4C2A808A}.Release|x86.ActiveCfg = Release|Any CPU
		{DE842FB0-D858-4305-96A1-6CDF4C2A808A}.Release|x86.Build.0 = Release|Any CPU
		{A09CC96F-0755-4F4F-BDD1-C1B79C84B2EE}.Debug|Any CPU.ActiveCfg = Debug|Any CPU
		{A09CC96F-0755-4F4F-BDD1-C1B79C84B2EE}.Debug|Any CPU.Build.0 = Debug|Any CPU
		{A09CC96F-0755-4F4F-BDD1-C1B79C84B2EE}.Debug|x64.ActiveCfg = Debug|Any CPU
		{A09CC96F-0755-4F4F-BDD1-C1B79C84B2EE}.Debug|x64.Build.0 = Debug|Any CPU
		{A09CC96F-0755-4F4F-BDD1-C1B79C84B2EE}.Debug|x86.ActiveCfg = Debug|Any CPU
		{A09CC96F-0755-4F4F-BDD1-C1B79C84B2EE}.Debug|x86.Build.0 = Debug|Any CPU
		{A09CC96F-0755-4F4F-BDD1-C1B79C84B2EE}.Release|Any CPU.ActiveCfg = Release|Any CPU
		{A09CC96F-0755-4F4F-BDD1-C1B79C84B2EE}.Release|Any CPU.Build.0 = Release|Any CPU
		{A09CC96F-0755-4F4F-BDD1-C1B79C84B2EE}.Release|x64.ActiveCfg = Release|Any CPU
		{A09CC96F-0755-4F4F-BDD1-C1B79C84B2EE}.Release|x64.Build.0 = Release|Any CPU
		{A09CC96F-0755-4F4F-BDD1-C1B79C84B2EE}.Release|x86.ActiveCfg = Release|Any CPU
		{A09CC96F-0755-4F4F-BDD1-C1B79C84B2EE}.Release|x86.Build.0 = Release|Any CPU
		{C0A7D28E-8D4B-4C0E-9A8D-62FA7B8C13D1}.Debug|Any CPU.ActiveCfg = Debug|Any CPU
		{C0A7D28E-8D4B-4C0E-9A8D-62FA7B8C13D1}.Debug|Any CPU.Build.0 = Debug|Any CPU
		{C0A7D28E-8D4B-4C0E-9A8D-62FA7B8C13D1}.Debug|x64.ActiveCfg = Debug|x64
		{C0A7D28E-8D4B-4C0E-9A8D-62FA7B8C13D1}.Debug|x64.Build.0 = Debug|x64
		{C0A7D28E-8D4B-4C0E-9A8D-62FA7B8C13D1}.Debug|x86.ActiveCfg = Debug|Any CPU
		{C0A7D28E-8D4B-4C0E-9A8D-62FA7B8C13D1}.Debug|x86.Build.0 = Debug|Any CPU
		{C0A7D28E-8D4B-4C0E-9A8D-62FA7B8C13D1}.Release|Any CPU.ActiveCfg = Release|Any CPU
		{C0A7D28E-8D4B-4C0E-9A8D-62FA7B8C13D1}.Release|Any CPU.Build.0 = Release|Any CPU
		{C0A7D28E-8D4B-4C0E-9A8D-62FA7B8C13D1}.Release|x64.ActiveCfg = Release|x64
		{C0A7D28E-8D4B-4C0E-9A8D-62FA7B8C13D1}.Release|x64.Build.0 = Release|x64
		{C0A7D28E-8D4B-4C0E-9A8D-62FA7B8C13D1}.Release|x86.ActiveCfg = Release|Any CPU
		{C0A7D28E-8D4B-4C0E-9A8D-62FA7B8C13D1}.Release|x86.Build.0 = Release|Any CPU
		{71326574-550A-4EA6-A6EE-F314D630BE77}.Debug|Any CPU.ActiveCfg = Debug|Any CPU
		{71326574-550A-4EA6-A6EE-F314D630BE77}.Debug|Any CPU.Build.0 = Debug|Any CPU
		{71326574-550A-4EA6-A6EE-F314D630BE77}.Debug|x64.ActiveCfg = Debug|x64
		{71326574-550A-4EA6-A6EE-F314D630BE77}.Debug|x64.Build.0 = Debug|x64
		{71326574-550A-4EA6-A6EE-F314D630BE77}.Debug|x86.ActiveCfg = Debug|Any CPU
		{71326574-550A-4EA6-A6EE-F314D630BE77}.Debug|x86.Build.0 = Debug|Any CPU
		{71326574-550A-4EA6-A6EE-F314D630BE77}.Release|Any CPU.ActiveCfg = Release|Any CPU
		{71326574-550A-4EA6-A6EE-F314D630BE77}.Release|Any CPU.Build.0 = Release|Any CPU
		{71326574-550A-4EA6-A6EE-F314D630BE77}.Release|x64.ActiveCfg = Release|x64
		{71326574-550A-4EA6-A6EE-F314D630BE77}.Release|x64.Build.0 = Release|x64
		{71326574-550A-4EA6-A6EE-F314D630BE77}.Release|x86.ActiveCfg = Release|Any CPU
		{71326574-550A-4EA6-A6EE-F314D630BE77}.Release|x86.Build.0 = Release|Any CPU
		{E6430A71-EE38-47D2-8BBC-E3433140E369}.Debug|Any CPU.ActiveCfg = Debug|Any CPU
		{E6430A71-EE38-47D2-8BBC-E3433140E369}.Debug|Any CPU.Build.0 = Debug|Any CPU
		{E6430A71-EE38-47D2-8BBC-E3433140E369}.Debug|x64.ActiveCfg = Debug|x64
		{E6430A71-EE38-47D2-8BBC-E3433140E369}.Debug|x64.Build.0 = Debug|x64
		{E6430A71-EE38-47D2-8BBC-E3433140E369}.Debug|x86.ActiveCfg = Debug|Any CPU
		{E6430A71-EE38-47D2-8BBC-E3433140E369}.Debug|x86.Build.0 = Debug|Any CPU
		{E6430A71-EE38-47D2-8BBC-E3433140E369}.Release|Any CPU.ActiveCfg = Release|Any CPU
		{E6430A71-EE38-47D2-8BBC-E3433140E369}.Release|Any CPU.Build.0 = Release|Any CPU
		{E6430A71-EE38-47D2-8BBC-E3433140E369}.Release|x64.ActiveCfg = Release|x64
		{E6430A71-EE38-47D2-8BBC-E3433140E369}.Release|x64.Build.0 = Release|x64
		{E6430A71-EE38-47D2-8BBC-E3433140E369}.Release|x86.ActiveCfg = Release|Any CPU
		{E6430A71-EE38-47D2-8BBC-E3433140E369}.Release|x86.Build.0 = Release|Any CPU
		{B37A1CF5-4DBD-4936-919F-5E86DBE8A181}.Debug|Any CPU.ActiveCfg = Debug|Any CPU
		{B37A1CF5-4DBD-4936-919F-5E86DBE8A181}.Debug|Any CPU.Build.0 = Debug|Any CPU
		{B37A1CF5-4DBD-4936-919F-5E86DBE8A181}.Debug|x64.ActiveCfg = Debug|x64
		{B37A1CF5-4DBD-4936-919F-5E86DBE8A181}.Debug|x64.Build.0 = Debug|x64
		{B37A1CF5-4DBD-4936-919F-5E86DBE8A181}.Debug|x86.ActiveCfg = Debug|Any CPU
		{B37A1CF5-4DBD-4936-919F-5E86DBE8A181}.Debug|x86.Build.0 = Debug|Any CPU
		{B37A1CF5-4DBD-4936-919F-5E86DBE8A181}.Release|Any CPU.ActiveCfg = Release|Any CPU
		{B37A1CF5-4DBD-4936-919F-5E86DBE8A181}.Release|Any CPU.Build.0 = Release|Any CPU
		{B37A1CF5-4DBD-4936-919F-5E86DBE8A181}.Release|x64.ActiveCfg = Release|x64
		{B37A1CF5-4DBD-4936-919F-5E86DBE8A181}.Release|x64.Build.0 = Release|x64
		{B37A1CF5-4DBD-4936-919F-5E86DBE8A181}.Release|x86.ActiveCfg = Release|Any CPU
		{B37A1CF5-4DBD-4936-919F-5E86DBE8A181}.Release|x86.Build.0 = Release|Any CPU
		{D2B2C736-4AC8-4C79-A390-1C28A9B14514}.Debug|Any CPU.ActiveCfg = Debug|Any CPU
		{D2B2C736-4AC8-4C79-A390-1C28A9B14514}.Debug|Any CPU.Build.0 = Debug|Any CPU
		{D2B2C736-4AC8-4C79-A390-1C28A9B14514}.Debug|x64.ActiveCfg = Debug|x64
		{D2B2C736-4AC8-4C79-A390-1C28A9B14514}.Debug|x64.Build.0 = Debug|x64
		{D2B2C736-4AC8-4C79-A390-1C28A9B14514}.Debug|x86.ActiveCfg = Debug|Any CPU
		{D2B2C736-4AC8-4C79-A390-1C28A9B14514}.Debug|x86.Build.0 = Debug|Any CPU
		{D2B2C736-4AC8-4C79-A390-1C28A9B14514}.Release|Any CPU.ActiveCfg = Release|Any CPU
		{D2B2C736-4AC8-4C79-A390-1C28A9B14514}.Release|Any CPU.Build.0 = Release|Any CPU
		{D2B2C736-4AC8-4C79-A390-1C28A9B14514}.Release|x64.ActiveCfg = Release|x64
		{D2B2C736-4AC8-4C79-A390-1C28A9B14514}.Release|x64.Build.0 = Release|x64
		{D2B2C736-4AC8-4C79-A390-1C28A9B14514}.Release|x86.ActiveCfg = Release|Any CPU
		{D2B2C736-4AC8-4C79-A390-1C28A9B14514}.Release|x86.Build.0 = Release|Any CPU
		{8AFAB78E-4D46-488A-943C-122D52B04878}.Debug|Any CPU.ActiveCfg = Debug|x64
		{8AFAB78E-4D46-488A-943C-122D52B04878}.Debug|Any CPU.Build.0 = Debug|x64
		{8AFAB78E-4D46-488A-943C-122D52B04878}.Debug|x64.ActiveCfg = Debug|x64
		{8AFAB78E-4D46-488A-943C-122D52B04878}.Debug|x64.Build.0 = Debug|x64
		{8AFAB78E-4D46-488A-943C-122D52B04878}.Debug|x86.ActiveCfg = Debug|x64
		{8AFAB78E-4D46-488A-943C-122D52B04878}.Debug|x86.Build.0 = Debug|x64
		{8AFAB78E-4D46-488A-943C-122D52B04878}.Release|Any CPU.ActiveCfg = Release|x64
		{8AFAB78E-4D46-488A-943C-122D52B04878}.Release|Any CPU.Build.0 = Release|x64
		{8AFAB78E-4D46-488A-943C-122D52B04878}.Release|x64.ActiveCfg = Release|x64
		{8AFAB78E-4D46-488A-943C-122D52B04878}.Release|x64.Build.0 = Release|x64
		{8AFAB78E-4D46-488A-943C-122D52B04878}.Release|x86.ActiveCfg = Release|x64
		{8AFAB78E-4D46-488A-943C-122D52B04878}.Release|x86.Build.0 = Release|x64
		{42EFAE7E-23FD-4358-8E5F-F282BEAE98EC}.Debug|Any CPU.ActiveCfg = Debug|x64
		{42EFAE7E-23FD-4358-8E5F-F282BEAE98EC}.Debug|Any CPU.Build.0 = Debug|x64
		{42EFAE7E-23FD-4358-8E5F-F282BEAE98EC}.Debug|x64.ActiveCfg = Debug|x64
		{42EFAE7E-23FD-4358-8E5F-F282BEAE98EC}.Debug|x64.Build.0 = Debug|x64
		{42EFAE7E-23FD-4358-8E5F-F282BEAE98EC}.Debug|x86.ActiveCfg = Debug|x64
		{42EFAE7E-23FD-4358-8E5F-F282BEAE98EC}.Debug|x86.Build.0 = Debug|x64
		{42EFAE7E-23FD-4358-8E5F-F282BEAE98EC}.Release|Any CPU.ActiveCfg = Release|x64
		{42EFAE7E-23FD-4358-8E5F-F282BEAE98EC}.Release|Any CPU.Build.0 = Release|x64
		{42EFAE7E-23FD-4358-8E5F-F282BEAE98EC}.Release|x64.ActiveCfg = Release|x64
		{42EFAE7E-23FD-4358-8E5F-F282BEAE98EC}.Release|x64.Build.0 = Release|x64
		{42EFAE7E-23FD-4358-8E5F-F282BEAE98EC}.Release|x86.ActiveCfg = Release|x64
		{42EFAE7E-23FD-4358-8E5F-F282BEAE98EC}.Release|x86.Build.0 = Release|x64
		{745E77FB-5F45-425A-AB53-13FBC1E8A082}.Debug|Any CPU.ActiveCfg = Debug|x64
		{745E77FB-5F45-425A-AB53-13FBC1E8A082}.Debug|Any CPU.Build.0 = Debug|x64
		{745E77FB-5F45-425A-AB53-13FBC1E8A082}.Debug|x64.ActiveCfg = Debug|x64
		{745E77FB-5F45-425A-AB53-13FBC1E8A082}.Debug|x64.Build.0 = Debug|x64
		{745E77FB-5F45-425A-AB53-13FBC1E8A082}.Debug|x86.ActiveCfg = Debug|x64
		{745E77FB-5F45-425A-AB53-13FBC1E8A082}.Debug|x86.Build.0 = Debug|x64
		{745E77FB-5F45-425A-AB53-13FBC1E8A082}.Release|Any CPU.ActiveCfg = Release|x64
		{745E77FB-5F45-425A-AB53-13FBC1E8A082}.Release|Any CPU.Build.0 = Release|x64
		{745E77FB-5F45-425A-AB53-13FBC1E8A082}.Release|x64.ActiveCfg = Release|x64
		{745E77FB-5F45-425A-AB53-13FBC1E8A082}.Release|x64.Build.0 = Release|x64
		{745E77FB-5F45-425A-AB53-13FBC1E8A082}.Release|x86.ActiveCfg = Release|x64
		{745E77FB-5F45-425A-AB53-13FBC1E8A082}.Release|x86.Build.0 = Release|x64
	EndGlobalSection
	GlobalSection(SolutionProperties) = preSolution
		HideSolutionNode = FALSE
	EndGlobalSection
	GlobalSection(NestedProjects) = preSolution
		{C0A7D28E-8D4B-4C0E-9A8D-62FA7B8C13D1} = {07D57EEB-2F50-60C4-C011-FE4FA775C9A8}
		{71326574-550A-4EA6-A6EE-F314D630BE77} = {07D57EEB-2F50-60C4-C011-FE4FA775C9A8}
		{B37A1CF5-4DBD-4936-919F-5E86DBE8A181} = {07D57EEB-2F50-60C4-C011-FE4FA775C9A8}
		{D2B2C736-4AC8-4C79-A390-1C28A9B14514} = {07D57EEB-2F50-60C4-C011-FE4FA775C9A8}
		{8AFAB78E-4D46-488A-943C-122D52B04878} = {07D57EEB-2F50-60C4-C011-FE4FA775C9A8}
		{42EFAE7E-23FD-4358-8E5F-F282BEAE98EC} = {827E0CD3-B72D-47B6-A68D-7590B98EB39B}
		{745E77FB-5F45-425A-AB53-13FBC1E8A082} = {07D57EEB-2F50-60C4-C011-FE4FA775C9A8}
	EndGlobalSection
EndGlobal
